
Microsoft Visual Studio Solution File, Format Version 12.00
# Visual Studio Version 17
VisualStudioVersion = 17.5.002.0
MinimumVisualStudioVersion = 10.0.40219.1
Project("{9A19103F-16F7-4668-BE54-9A1E7A4F7556}") = "Adivinhação de numeros", "Adivinhação de numeros.csproj", "{C93DCF9A-24E5-46B9-87F4-DC78BFAA793C}"
EndProject
Global
	GlobalSection(SolutionConfigurationPlatforms) = preSolution
		Debug|Any CPU = Debug|Any CPU
		Release|Any CPU = Release|Any CPU
	EndGlobalSection
	GlobalSection(ProjectConfigurationPlatforms) = postSolution
		{C93DCF9A-24E5-46B9-87F4-DC78BFAA793C}.Debug|Any CPU.ActiveCfg = Debug|Any CPU
		{C93DCF9A-24E5-46B9-87F4-DC78BFAA793C}.Debug|Any CPU.Build.0 = Debug|Any CPU
		{C93DCF9A-24E5-46B9-87F4-DC78BFAA793C}.Release|Any CPU.ActiveCfg = Release|Any CPU
		{C93DCF9A-24E5-46B9-87F4-DC78BFAA793C}.Release|Any CPU.Build.0 = Release|Any CPU
	EndGlobalSection
	GlobalSection(SolutionProperties) = preSolution
		HideSolutionNode = FALSE
	EndGlobalSection
	GlobalSection(ExtensibilityGlobals) = postSolution
		SolutionGuid = {8342C8B5-7BCD-4110-BC70-3EC60AA831E4}
	EndGlobalSection
EndGlobal
